
Microsoft Visual Studio Solution File, Format Version 12.00
# Visual Studio Version 17
VisualStudioVersion = 17.1.32414.318
MinimumVisualStudioVersion = 10.0.40219.1
Project("{9A19103F-16F7-4668-BE54-9A1E7A4F7556}") = "LuvWordy.Server.Web", "LuvWordy.Server.Web\LuvWordy.Server.Web.csproj", "{DC97B873-D294-4941-B0E0-7A9CA8F07158}"
EndProject
Project("{FAE04EC0-301F-11D3-BF4B-00C04F79EFBC}") = "LuvWordy.Server.Model", "LuvWordy.Server.Model\LuvWordy.Server.Model.csproj", "{01A5A263-8C6D-4AB8-BC67-0613B07E176D}"
EndProject
Global
	GlobalSection(SolutionConfigurationPlatforms) = preSolution
		Debug|Any CPU = Debug|Any CPU
		Release|Any CPU = Release|Any CPU
	EndGlobalSection
	GlobalSection(ProjectConfigurationPlatforms) = postSolution
		{DC97B873-D294-4941-B0E0-7A9CA8F07158}.Debug|Any CPU.ActiveCfg = Debug|Any CPU
		{DC97B873-D294-4941-B0E0-7A9CA8F07158}.Debug|Any CPU.Build.0 = Debug|Any CPU
		{DC97B873-D294-4941-B0E0-7A9CA8F07158}.Release|Any CPU.ActiveCfg = Release|Any CPU
		{DC97B873-D294-4941-B0E0-7A9CA8F07158}.Release|Any CPU.Build.0 = Release|Any CPU
		{01A5A263-8C6D-4AB8-BC67-0613B07E176D}.Debug|Any CPU.ActiveCfg = Debug|Any CPU
		{01A5A263-8C6D-4AB8-BC67-0613B07E176D}.Debug|Any CPU.Build.0 = Debug|Any CPU
		{01A5A263-8C6D-4AB8-BC67-0613B07E176D}.Release|Any CPU.ActiveCfg = Release|Any CPU
		{01A5A263-8C6D-4AB8-BC67-0613B07E176D}.Release|Any CPU.Build.0 = Release|Any CPU
	EndGlobalSection
	GlobalSection(SolutionProperties) = preSolution
		HideSolutionNode = FALSE
	EndGlobalSection
	GlobalSection(ExtensibilityGlobals) = postSolution
		SolutionGuid = {2FEB23B7-B54D-4D43-9AFE-7D198744D63F}
	EndGlobalSection
EndGlobal
